
Microsoft Visual Studio Solution File, Format Version 12.00
# Visual Studio Version 17
VisualStudioVersion = 17.9.34616.47
MinimumVisualStudioVersion = 10.0.40219.1
Project("{FAE04EC0-301F-11D3-BF4B-00C04F79EFBC}") = "pingoverlay", "pingoverlay\pingoverlay.csproj", "{AAE22C2C-B924-4B6A-BD17-AA3DF5212719}"
EndProject
Global
	GlobalSection(SolutionConfigurationPlatforms) = preSolution
		Debug|Any CPU = Debug|Any CPU
		Release|Any CPU = Release|Any CPU
	EndGlobalSection
	GlobalSection(ProjectConfigurationPlatforms) = postSolution
		{AAE22C2C-B924-4B6A-BD17-AA3DF5212719}.Debug|Any CPU.ActiveCfg = Debug|Any CPU
		{AAE22C2C-B924-4B6A-BD17-AA3DF5212719}.Debug|Any CPU.Build.0 = Debug|Any CPU
		{AAE22C2C-B924-4B6A-BD17-AA3DF5212719}.Release|Any CPU.ActiveCfg = Release|Any CPU
		{AAE22C2C-B924-4B6A-BD17-AA3DF5212719}.Release|Any CPU.Build.0 = Release|Any CPU
	EndGlobalSection
	GlobalSection(SolutionProperties) = preSolution
		HideSolutionNode = FALSE
	EndGlobalSection
	GlobalSection(ExtensibilityGlobals) = postSolution
		SolutionGuid = {C1951EB9-E707-4654-A338-7531602F7593}
	EndGlobalSection
EndGlobal
